// !$*UTF8*$!
{
	archiveVersion = 1;
	classes = {
	};
	objectVersion = 50;
	objects = {

/* Begin PBXBuildFile section */
		D7F34043253D88FD00A370C9 /* AppDelegate.swift in Sources */ = {isa = PBXBuildFile; fileRef = D7F34042253D88FD00A370C9 /* AppDelegate.swift */; };
		D7F34045253D88FD00A370C9 /* SceneDelegate.swift in Sources */ = {isa = PBXBuildFile; fileRef = D7F34044253D88FD00A370C9 /* SceneDelegate.swift */; };
		D7F34047253D88FD00A370C9 /* ViewController.swift in Sources */ = {isa = PBXBuildFile; fileRef = D7F34046253D88FD00A370C9 /* ViewController.swift */; };
		D7F3404A253D88FD00A370C9 /* Main.storyboard in Resources */ = {isa = PBXBuildFile; fileRef = D7F34048253D88FD00A370C9 /* Main.storyboard */; };
		D7F3404D253D88FD00A370C9 /* SimpleMessage.xcdatamodeld in Sources */ = {isa = PBXBuildFile; fileRef = D7F3404B253D88FD00A370C9 /* SimpleMessage.xcdatamodeld */; };
		D7F3404F253D88FF00A370C9 /* Assets.xcassets in Resources */ = {isa = PBXBuildFile; fileRef = D7F3404E253D88FF00A370C9 /* Assets.xcassets */; };
		D7F34052253D88FF00A370C9 /* LaunchScreen.storyboard in Resources */ = {isa = PBXBuildFile; fileRef = D7F34050253D88FF00A370C9 /* LaunchScreen.storyboard */; };
/* End PBXBuildFile section */

/* Begin PBXFileReference section */
		D7F3403F253D88FD00A370C9 /* SimpleMessage.app */ = {isa = PBXFileReference; explicitFileType = wrapper.application; includeInIndex = 0; path = SimpleMessage.app; sourceTree = BUILT_PRODUCTS_DIR; };
		D7F34042253D88FD00A370C9 /* AppDelegate.swift */ = {isa = PBXFileReference; lastKnownFileType = sourcecode.swift; path = AppDelegate.swift; sourceTree = "<group>"; };
		D7F34044253D88FD00A370C9 /* SceneDelegate.swift */ = {isa = PBXFileReference; lastKnownFileType = sourcecode.swift; path = SceneDelegate.swift; sourceTree = "<group>"; };
		D7F34046253D88FD00A370C9 /* ViewController.swift */ = {isa = PBXFileReference; lastKnownFileType = sourcecode.swift; path = ViewController.swift; sourceTree = "<group>"; };
		D7F34049253D88FD00A370C9 /* Base */ = {isa = PBXFileReference; lastKnownFileType = file.storyboard; name = Base; path = Base.lproj/Main.storyboard; sourceTree = "<group>"; };
		D7F3404C253D88FD00A370C9 /* SimpleMessage.xcdatamodel */ = {isa = PBXFileReference; lastKnownFileType = wrapper.xcdatamodel; path = SimpleMessage.xcdatamodel; sourceTree = "<group>"; };
		D7F3404E253D88FF00A370C9 /* Assets.xcassets */ = {isa = PBXFileReference; lastKnownFileType = folder.assetcatalog; path = Assets.xcassets; sourceTree = "<group>"; };
		D7F34051253D88FF00A370C9 /* Base */ = {isa = PBXFileReference; lastKnownFileType = file.storyboard; name = Base; path = Base.lproj/LaunchScreen.storyboard; sourceTree = "<group>"; };
		D7F34053253D88FF00A370C9 /* Info.plist */ = {isa = PBXFileReference; lastKnownFileType = text.plist.xml; path = Info.plist; sourceTree = "<group>"; };
/* End PBXFileReference section */

/* Begin PBXFrameworksBuildPhase section */
		D7F3403C253D88FD00A370C9 /* Frameworks */ = {
			isa = PBXFrameworksBuildPhase;
			buildActionMask = 2147483647;
			files = (
			);
			runOnlyForDeploymentPostprocessing = 0;
		};
/* End PBXFrameworksBuildPhase section */

/* Begin PBXGroup section */
		D7F34036253D88FD00A370C9 = {
			isa = PBXGroup;
			children = (
				D7F34041253D88FD00A370C9 /* SimpleMessage */,
				D7F34040253D88FD00A370C9 /* Products */,
			);
			sourceTree = "<group>";
		};
		D7F34040253D88FD00A370C9 /* Products */ = {
			isa = PBXGroup;
			children = (
				D7F3403F253D88FD00A370C9 /* SimpleMessage.app */,
			);
			name = Products;
			sourceTree = "<group>";
		};
		D7F34041253D88FD00A370C9 /* SimpleMessage */ = {
			isa = PBXGroup;
			children = (
				D7F34042253D88FD00A370C9 /* AppDelegate.swift */,
				D7F34044253D88FD00A370C9 /* SceneDelegate.swift */,
				D7F34046253D88FD00A370C9 /* ViewController.swift */,
				D7F34048253D88FD00A370C9 /* Main.storyboard */,
				D7F3404E253D88FF00A370C9 /* Assets.xcassets */,
				D7F34050253D88FF00A370C9 /* LaunchScreen.storyboard */,
				D7F34053253D88FF00A370C9 /* Info.plist */,
				D7F3404B253D88FD00A370C9 /* SimpleMessage.xcdatamodeld */,
			);
			path = SimpleMessage;
			sourceTree = "<group>";
		};
/* End PBXGroup section */

/* Begin PBXNativeTarget section */
		D7F3403E253D88FD00A370C9 /* SimpleMessage */ = {
			isa = PBXNativeTarget;
			buildConfigurationList = D7F34056253D88FF00A370C9 /* Build configuration list for PBXNativeTarget "SimpleMessage" */;
			buildPhases = (
				D7F3403B253D88FD00A370C9 /* Sources */,
				D7F3403C253D88FD00A370C9 /* Frameworks */,
				D7F3403D253D88FD00A370C9 /* Resources */,
			);
			buildRules = (
			);
			dependencies = (
			);
			name = SimpleMessage;
			productName = SimpleMessage;
			productReference = D7F3403F253D88FD00A370C9 /* SimpleMessage.app */;
			productType = "com.apple.product-type.application";
		};
/* End PBXNativeTarget section */

/* Begin PBXProject section */
		D7F34037253D88FD00A370C9 /* Project object */ = {
			isa = PBXProject;
			attributes = {
				LastSwiftUpdateCheck = 1200;
				LastUpgradeCheck = 1200;
				TargetAttributes = {
					D7F3403E253D88FD00A370C9 = {
						CreatedOnToolsVersion = 12.0.1;
					};
				};
			};
			buildConfigurationList = D7F3403A253D88FD00A370C9 /* Build configuration list for PBXProject "SimpleMessage" */;
			compatibilityVersion = "Xcode 9.3";
			developmentRegion = en;
			hasScannedForEncodings = 0;
			knownRegions = (
				en,
				Base,
			);
			mainGroup = D7F34036253D88FD00A370C9;
			productRefGroup = D7F34040253D88FD00A370C9 /* Products */;
			projectDirPath = "";
			projectRoot = "";
			targets = (
				D7F3403E253D88FD00A370C9 /* SimpleMessage */,
			);
		};
/* End PBXProject section */

/* Begin PBXResourcesBuildPhase section */
		D7F3403D253D88FD00A370C9 /* Resources */ = {
			isa = PBXResourcesBuildPhase;
			buildActionMask = 2147483647;
			files = (
				D7F34052253D88FF00A370C9 /* LaunchScreen.storyboard in Resources */,
				D7F3404F253D88FF00A370C9 /* Assets.xcassets in Resources */,
				D7F3404A253D88FD00A370C9 /* Main.storyboard in Resources */,
			);
			runOnlyForDeploymentPostprocessing = 0;
		};
/* End PBXResourcesBuildPhase section */

/* Begin PBXSourcesBuildPhase section */
		D7F3403B253D88FD00A370C9 /* Sources */ = {
			isa = PBXSourcesBuildPhase;
			buildActionMask = 2147483647;
			files = (
				D7F34047253D88FD00A370C9 /* ViewController.swift in Sources */,
				D7F3404D253D88FD00A370C9 /* SimpleMessage.xcdatamodeld in Sources */,
				D7F34043253D88FD00A370C9 /* AppDelegate.swift in Sources */,
				D7F34045253D88FD00A370C9 /* SceneDelegate.swift in Sources */,
			);
			runOnlyForDeploymentPostprocessing = 0;
		};
/* End PBXSourcesBuildPhase section */

/* Begin PBXVariantGroup section */
		D7F34048253D88FD00A370C9 /* Main.storyboard */ = {
			isa = PBXVariantGroup;
			children = (
				D7F34049253D88FD00A370C9 /* Base */,
			);
			name = Main.storyboard;
			sourceTree = "<group>";
		};
		D7F34050253D88FF00A370C9 /* LaunchScreen.storyboard */ = {
			isa = PBXVariantGroup;
			children = (
				D7F34051253D88FF00A370C9 /* Base */,
			);
			name = LaunchScreen.storyboard;
			sourceTree = "<group>";
		};
/* End PBXVariantGroup section */

/* Begin XCBuildConfiguration section */
		D7F34054253D88FF00A370C9 /* Debug */ = {
			isa = XCBuildConfiguration;
			buildSettings = {
				ALWAYS_SEARCH_USER_PATHS = NO;
				CLANG_ANALYZER_NONNULL = YES;
				CLANG_ANALYZER_NUMBER_OBJECT_CONVERSION = YES_AGGRESSIVE;
				CLANG_CXX_LANGUAGE_STANDARD = "gnu++14";
				CLANG_CXX_LIBRARY = "libc++";
				CLANG_ENABLE_MODULES = YES;
				CLANG_ENABLE_OBJC_ARC = YES;
				CLANG_ENABLE_OBJC_WEAK = YES;
				CLANG_WARN_BLOCK_CAPTURE_AUTORELEASING = YES;
				CLANG_WARN_BOOL_CONVERSION = YES;
				CLANG_WARN_COMMA = YES;
				CLANG_WARN_CONSTANT_CONVERSION = YES;
				CLANG_WARN_DEPRECATED_OBJC_IMPLEMENTATIONS = YES;
				CLANG_WARN_DIRECT_OBJC_ISA_USAGE = YES_ERROR;
				CLANG_WARN_DOCUMENTATION_COMMENTS = YES;
				CLANG_WARN_EMPTY_BODY = YES;
				CLANG_WARN_ENUM_CONVERSION = YES;
				CLANG_WARN_INFINITE_RECURSION = YES;
				CLANG_WARN_INT_CONVERSION = YES;
				CLANG_WARN_NON_LITERAL_NULL_CONVERSION = YES;
				CLANG_WARN_OBJC_IMPLICIT_RETAIN_SELF = YES;
				CLANG_WARN_OBJC_LITERAL_CONVERSION = YES;
				CLANG_WARN_OBJC_ROOT_CLASS = YES_ERROR;
				CLANG_WARN_QUOTED_INCLUDE_IN_FRAMEWORK_HEADER = YES;
				CLANG_WARN_RANGE_LOOP_ANALYSIS = YES;
				CLANG_WARN_STRICT_PROTOTYPES = YES;
				CLANG_WARN_SUSPICIOUS_MOVE = YES;
				CLANG_WARN_UNGUARDED_AVAILABILITY = YES_AGGRESSIVE;
				CLANG_WARN_UNREACHABLE_CODE = YES;
				CLANG_WARN__DUPLICATE_METHOD_MATCH = YES;
				COPY_PHASE_STRIP = NO;
				DEBUG_INFORMATION_FORMAT = dwarf;
				ENABLE_STRICT_OBJC_MSGSEND = YES;
				ENABLE_TESTABILITY = YES;
				GCC_C_LANGUAGE_STANDARD = gnu11;
				GCC_DYNAMIC_NO_PIC = NO;
				GCC_NO_COMMON_BLOCKS = YES;
				GCC_OPTIMIZATION_LEVEL = 0;
				GCC_PREPROCESSOR_DEFINITIONS = (
					"DEBUG=1",
					"$(inherited)",
				);
				GCC_WARN_64_TO_32_BIT_CONVERSION = YES;
				GCC_WARN_ABOUT_RETURN_TYPE = YES_ERROR;
				GCC_WARN_UNDECLARED_SELECTOR = YES;
				GCC_WARN_UNINITIALIZED_AUTOS = YES_AGGRESSIVE;
				GCC_WARN_UNUSED_FUNCTION = YES;
				GCC_WARN_UNUSED_VARIABLE = YES;
				IPHONEOS_DEPLOYMENT_TARGET = 14.0;
				MTL_ENABLE_DEBUG_INFO = INCLUDE_SOURCE;
				MTL_FAST_MATH = YES;
				ONLY_ACTIVE_ARCH = YES;
				SDKROOT = iphoneos;
				SWIFT_ACTIVE_COMPILATION_CONDITIONS = DEBUG;
				SWIFT_OPTIMIZATION_LEVEL = "-Onone";
			};
			name = Debug;
		};
		D7F34055253D88FF00A370C9 /* Release */ = {
			isa = XCBuildConfiguration;
			buildSettings = {
				ALWAYS_SEARCH_USER_PATHS = NO;
				CLANG_ANALYZER_NONNULL = YES;
				CLANG_ANALYZER_NUMBER_OBJECT_CONVERSION = YES_AGGRESSIVE;
				CLANG_CXX_LANGUAGE_STANDARD = "gnu++14";
				CLANG_CXX_LIBRARY = "libc++";
				CLANG_ENABLE_MODULES = YES;
				CLANG_ENABLE_OBJC_ARC = YES;
				CLANG_ENABLE_OBJC_WEAK = YES;
				CLANG_WARN_BLOCK_CAPTURE_AUTORELEASING = YES;
				CLANG_WARN_BOOL_CONVERSION = YES;
				CLANG_WARN_COMMA = YES;
				CLANG_WARN_CONSTANT_CONVERSION = YES;
				CLANG_WARN_DEPRECATED_OBJC_IMPLEMENTATIONS = YES;
				CLANG_WARN_DIRECT_OBJC_ISA_USAGE = YES_ERROR;
				CLANG_WARN_DOCUMENTATION_COMMENTS = YES;
				CLANG_WARN_EMPTY_BODY = YES;
				CLANG_WARN_ENUM_CONVERSION = YES;
				CLANG_WARN_INFINITE_RECURSION = YES;
				CLANG_WARN_INT_CONVERSION = YES;
				CLANG_WARN_NON_LITERAL_NULL_CONVERSION = YES;
				CLANG_WARN_OBJC_IMPLICIT_RETAIN_SELF = YES;
				CLANG_WARN_OBJC_LITERAL_CONVERSION = YES;
				CLANG_WARN_OBJC_ROOT_CLASS = YES_ERROR;
				CLANG_WARN_QUOTED_INCLUDE_IN_FRAMEWORK_HEADER = YES;
				CLANG_WARN_RANGE_LOOP_ANALYSIS = YES;
				CLANG_WARN_STRICT_PROTOTYPES = YES;
				CLANG_WARN_SUSPICIOUS_MOVE = YES;
				CLANG_WARN_UNGUARDED_AVAILABILITY = YES_AGGRESSIVE;
				CLANG_WARN_UNREACHABLE_CODE = YES;
				CLANG_WARN__DUPLICATE_METHOD_MATCH = YES;
				COPY_PHASE_STRIP = NO;
				DEBUG_INFORMATION_FORMAT = "dwarf-with-dsym";
				ENABLE_NS_ASSERTIONS = NO;
				ENABLE_STRICT_OBJC_MSGSEND = YES;
				GCC_C_LANGUAGE_STANDARD = gnu11;
				GCC_NO_COMMON_BLOCKS = YES;
				GCC_WARN_64_TO_32_BIT_CONVERSION = YES;
				GCC_WARN_ABOUT_RETURN_TYPE = YES_ERROR;
				GCC_WARN_UNDECLARED_SELECTOR = YES;
				GCC_WARN_UNINITIALIZED_AUTOS = YES_AGGRESSIVE;
				GCC_WARN_UNUSED_FUNCTION = YES;
				GCC_WARN_UNUSED_VARIABLE = YES;
				IPHONEOS_DEPLOYMENT_TARGET = 14.0;
				MTL_ENABLE_DEBUG_INFO = NO;
				MTL_FAST_MATH = YES;
				SDKROOT = iphoneos;
				SWIFT_COMPILATION_MODE = wholemodule;
				SWIFT_OPTIMIZATION_LEVEL = "-O";
				VALIDATE_PRODUCT = YES;
			};
			name = Release;
		};
		D7F34057253D88FF00A370C9 /* Debug */ = {
			isa = XCBuildConfiguration;
			buildSettings = {
				ASSETCATALOG_COMPILER_APPICON_NAME = AppIcon;
				ASSETCATALOG_COMPILER_GLOBAL_ACCENT_COLOR_NAME = AccentColor;
				CODE_SIGN_STYLE = Automatic;
				DEVELOPMENT_TEAM = 9Y224ZS8GH;
				INFOPLIST_FILE = SimpleMessage/Info.plist;
				LD_RUNPATH_SEARCH_PATHS = (
					"$(inherited)",
					"@executable_path/Frameworks",
				);
				PRODUCT_BUNDLE_IDENTIFIER = com.ajisaputrars.SimpleMessage;
				PRODUCT_NAME = "$(TARGET_NAME)";
				SWIFT_VERSION = 5.0;
				TARGETED_DEVICE_FAMILY = "1,2";
			};
			name = Debug;
		};
		D7F34058253D88FF00A370C9 /* Release */ = {
			isa = XCBuildConfiguration;
			buildSettings = {
				ASSETCATALOG_COMPILER_APPICON_NAME = AppIcon;
				ASSETCATALOG_COMPILER_GLOBAL_ACCENT_COLOR_NAME = AccentColor;
				CODE_SIGN_STYLE = Automatic;
				DEVELOPMENT_TEAM = 9Y224ZS8GH;
				INFOPLIST_FILE = SimpleMessage/Info.plist;
				LD_RUNPATH_SEARCH_PATHS = (
					"$(inherited)",
					"@executable_path/Frameworks",
				);
				PRODUCT_BUNDLE_IDENTIFIER = com.ajisaputrars.SimpleMessage;
				PRODUCT_NAME = "$(TARGET_NAME)";
				SWIFT_VERSION = 5.0;
				TARGETED_DEVICE_FAMILY = "1,2";
			};
			name = Release;
		};
/* End XCBuildConfiguration section */

/* Begin XCConfigurationList section */
		D7F3403A253D88FD00A370C9 /* Build configuration list for PBXProject "SimpleMessage" */ = {
			isa = XCConfigurationList;
			buildConfigurations = (
				D7F34054253D88FF00A370C9 /* Debug */,
				D7F34055253D88FF00A370C9 /* Release */,
			);
			defaultConfigurationIsVisible = 0;
			defaultConfigurationName = Release;
		};
		D7F34056253D88FF00A370C9 /* Build configuration list for PBXNativeTarget "SimpleMessage" */ = {
			isa = XCConfigurationList;
			buildConfigurations = (
				D7F34057253D88FF00A370C9 /* Debug */,
				D7F34058253D88FF00A370C9 /* Release */,
			);
			defaultConfigurationIsVisible = 0;
			defaultConfigurationName = Release;
		};
/* End XCConfigurationList section */

/* Begin XCVersionGroup section */
		D7F3404B253D88FD00A370C9 /* SimpleMessage.xcdatamodeld */ = {
			isa = XCVersionGroup;
			children = (
				D7F3404C253D88FD00A370C9 /* SimpleMessage.xcdatamodel */,
			);
			currentVersion = D7F3404C253D88FD00A370C9 /* SimpleMessage.xcdatamodel */;
			path = SimpleMessage.xcdatamodeld;
			sourceTree = "<group>";
			versionGroupType = wrapper.xcdatamodel;
		};
/* End XCVersionGroup section */
	};
	rootObject = D7F34037253D88FD00A370C9 /* Project object */;
}
